
Microsoft Visual Studio Solution File, Format Version 12.00
# Visual Studio Version 17
VisualStudioVersion = 17.9.34728.123
MinimumVisualStudioVersion = 10.0.40219.1
Project("{FAE04EC0-301F-11D3-BF4B-00C04F79EFBC}") = "BackSteganography", "BackSteganography\BackSteganography.csproj", "{EEA7BDDE-393A-4A8C-8FBA-7ECF5EBBD31C}"
EndProject
Global
	GlobalSection(SolutionConfigurationPlatforms) = preSolution
		Debug|Any CPU = Debug|Any CPU
		Release|Any CPU = Release|Any CPU
	EndGlobalSection
	GlobalSection(ProjectConfigurationPlatforms) = postSolution
		{EEA7BDDE-393A-4A8C-8FBA-7ECF5EBBD31C}.Debug|Any CPU.ActiveCfg = Debug|Any CPU
		{EEA7BDDE-393A-4A8C-8FBA-7ECF5EBBD31C}.Debug|Any CPU.Build.0 = Debug|Any CPU
		{EEA7BDDE-393A-4A8C-8FBA-7ECF5EBBD31C}.Release|Any CPU.ActiveCfg = Release|Any CPU
		{EEA7BDDE-393A-4A8C-8FBA-7ECF5EBBD31C}.Release|Any CPU.Build.0 = Release|Any CPU
	EndGlobalSection
	GlobalSection(SolutionProperties) = preSolution
		HideSolutionNode = FALSE
	EndGlobalSection
	GlobalSection(ExtensibilityGlobals) = postSolution
		SolutionGuid = {00A947E7-C8BF-46B0-98B1-5D1A73AF500B}
	EndGlobalSection
EndGlobal
